// !$*UTF8*$!
{
	archiveVersion = 1;
	classes = {
	};
	objectVersion = 42;
	objects = {

/* Begin PBXBuildFile section */
		042565F00A86974E00750E28 /* svn-access-file in Resources */ = {isa = PBXBuildFile; fileRef = 042565EF0A86974E00750E28 /* svn-access-file */; };
		0425660D0A86996700750E28 /* SystemConfiguration.framework in Frameworks */ = {isa = PBXBuildFile; fileRef = 0425660C0A86996700750E28 /* SystemConfiguration.framework */; };
		3D0369650B2C7AF30044B38C /* post-commit in Resources */ = {isa = PBXBuildFile; fileRef = 3D0369640B2C7AF30044B38C /* post-commit */; };
		3D0369740B2C7C1F0044B38C /* index.html in Resources */ = {isa = PBXBuildFile; fileRef = 3D0369730B2C7C1F0044B38C /* index.html */; };
		3D1D1B940AE244CF0086BA92 /* NSFileManager+ExistingFilesAtPaths.m in Sources */ = {isa = PBXBuildFile; fileRef = 3D1D1B7C0AE244CF0086BA92 /* NSFileManager+ExistingFilesAtPaths.m */; };
		3D1D1B950AE244CF0086BA92 /* NSString+ArrayWithRanges.m in Sources */ = {isa = PBXBuildFile; fileRef = 3D1D1B7E0AE244CF0086BA92 /* NSString+ArrayWithRanges.m */; };
		3D1D1B960AE244CF0086BA92 /* UKFilePathView.m in Sources */ = {isa = PBXBuildFile; fileRef = 3D1D1B800AE244CF0086BA92 /* UKFilePathView.m */; };
		3D1D1B970AE244CF0086BA92 /* UKGraphics.m in Sources */ = {isa = PBXBuildFile; fileRef = 3D1D1B820AE244CF0086BA92 /* UKGraphics.m */; };
		3D1D1BC40AE2465E0086BA92 /* Carbon.framework in Frameworks */ = {isa = PBXBuildFile; fileRef = 3D1D1BC30AE2465E0086BA92 /* Carbon.framework */; };
		3D276EF30A6A5C0A0094AD8E /* Credits.html in Resources */ = {isa = PBXBuildFile; fileRef = 3D276EF20A6A5C0A0094AD8E /* Credits.html */; };
		3D30324A0A6A860800E401DA /* group.icns in Resources */ = {isa = PBXBuildFile; fileRef = 3D3032490A6A860800E401DA /* group.icns */; };
		3D30324C0A6A860D00E401DA /* user.icns in Resources */ = {isa = PBXBuildFile; fileRef = 3D30324B0A6A860D00E401DA /* user.icns */; };
		3D5E0ED80A699F3F00E18439 /* MASAppDelegate.m in Sources */ = {isa = PBXBuildFile; fileRef = 3D5E0ED70A699F3F00E18439 /* MASAppDelegate.m */; };
		3D5E0F450A69A7C100E18439 /* KleinRogge.icns in Resources */ = {isa = PBXBuildFile; fileRef = 3D5E0F440A69A7C100E18439 /* KleinRogge.icns */; };
		3D7A0F3E0A6C1073002CC05D /* NSFileManager+CreateDirectoriesForPath.m in Sources */ = {isa = PBXBuildFile; fileRef = 3D7A0F3D0A6C1073002CC05D /* NSFileManager+CreateDirectoriesForPath.m */; };
		3DA05E480B8CEA7300033EE2 /* UKSVNBrowser.m in Sources */ = {isa = PBXBuildFile; fileRef = 3DA05E450B8CEA7300033EE2 /* UKSVNBrowser.m */; };
		3DA05E490B8CEA7300033EE2 /* UKSVNPermissions.m in Sources */ = {isa = PBXBuildFile; fileRef = 3DA05E470B8CEA7300033EE2 /* UKSVNPermissions.m */; };
		3DA05E4F0B8CEA9200033EE2 /* SCAuthorizationUI.m in Sources */ = {isa = PBXBuildFile; fileRef = 3DA05E4C0B8CEA9200033EE2 /* SCAuthorizationUI.m */; };
		3DA05E500B8CEA9200033EE2 /* SCAuthToken.m in Sources */ = {isa = PBXBuildFile; fileRef = 3DA05E4E0B8CEA9200033EE2 /* SCAuthToken.m */; };
		3DA05E5B0B8CEB5200033EE2 /* SCAuthorizationUI.nib in Resources */ = {isa = PBXBuildFile; fileRef = 3DA05E590B8CEB5200033EE2 /* SCAuthorizationUI.nib */; };
		3DD754B40AE766050095FC5F /* UKFileWatcher.m in Sources */ = {isa = PBXBuildFile; fileRef = 3DD754AF0AE766050095FC5F /* UKFileWatcher.m */; };
		3DD754B50AE766050095FC5F /* UKKQueue.m in Sources */ = {isa = PBXBuildFile; fileRef = 3DD754B10AE766050095FC5F /* UKKQueue.m */; };
		3DD754C60AE766280095FC5F /* UKMainThreadProxy.m in Sources */ = {isa = PBXBuildFile; fileRef = 3DD754C50AE766280095FC5F /* UKMainThreadProxy.m */; };
		3DE2F2350BA0B9E200A71444 /* NSTextView+SetUnstyledStringValue.m in Sources */ = {isa = PBXBuildFile; fileRef = 3DE2F2340BA0B9E200A71444 /* NSTextView+SetUnstyledStringValue.m */; };
		3DFB30C20B218866004903D5 /* UKNibOwner.m in Sources */ = {isa = PBXBuildFile; fileRef = 3DFB30C10B218866004903D5 /* UKNibOwner.m */; };
		3DFB30D60B21894D004903D5 /* UKSVNBrowser.nib in Resources */ = {isa = PBXBuildFile; fileRef = 3DFB30D40B21894D004903D5 /* UKSVNBrowser.nib */; };
		8D11072A0486CEB800E47090 /* MainMenu.nib in Resources */ = {isa = PBXBuildFile; fileRef = 29B97318FDCFA39411CA2CEA /* MainMenu.nib */; };
		8D11072B0486CEB800E47090 /* InfoPlist.strings in Resources */ = {isa = PBXBuildFile; fileRef = 089C165CFE840E0CC02AAC07 /* InfoPlist.strings */; };
		8D11072D0486CEB800E47090 /* main.m in Sources */ = {isa = PBXBuildFile; fileRef = 29B97316FDCFA39411CA2CEA /* main.m */; settings = {ATTRIBUTES = (); }; };
		8D11072F0486CEB800E47090 /* Cocoa.framework in Frameworks */ = {isa = PBXBuildFile; fileRef = 1058C7A1FEA54F0111CA2CBB /* Cocoa.framework */; };
/* End PBXBuildFile section */

/* Begin PBXFileReference section */
		042565EF0A86974E00750E28 /* svn-access-file */ = {isa = PBXFileReference; fileEncoding = 30; lastKnownFileType = text; path = "svn-access-file"; sourceTree = "<group>"; };
		0425660C0A86996700750E28 /* SystemConfiguration.framework */ = {isa = PBXFileReference; lastKnownFileType = wrapper.framework; name = SystemConfiguration.framework; path = /System/Library/Frameworks/SystemConfiguration.framework; sourceTree = "<absolute>"; };
		089C165DFE840E0CC02AAC07 /* English */ = {isa = PBXFileReference; fileEncoding = 10; lastKnownFileType = text.plist.strings; name = English; path = English.lproj/InfoPlist.strings; sourceTree = "<group>"; };
		1058C7A1FEA54F0111CA2CBB /* Cocoa.framework */ = {isa = PBXFileReference; lastKnownFileType = wrapper.framework; name = Cocoa.framework; path = /System/Library/Frameworks/Cocoa.framework; sourceTree = "<absolute>"; };
		13E42FB307B3F0F600E4EEF1 /* CoreData.framework */ = {isa = PBXFileReference; lastKnownFileType = wrapper.framework; name = CoreData.framework; path = /System/Library/Frameworks/CoreData.framework; sourceTree = "<absolute>"; };
		29B97316FDCFA39411CA2CEA /* main.m */ = {isa = PBXFileReference; fileEncoding = 4; lastKnownFileType = sourcecode.c.objc; path = main.m; sourceTree = "<group>"; };
		29B97319FDCFA39411CA2CEA /* English */ = {isa = PBXFileReference; lastKnownFileType = wrapper.nib; name = English; path = English.lproj/MainMenu.nib; sourceTree = "<group>"; };
		29B97324FDCFA39411CA2CEA /* AppKit.framework */ = {isa = PBXFileReference; lastKnownFileType = wrapper.framework; name = AppKit.framework; path = /System/Library/Frameworks/AppKit.framework; sourceTree = "<absolute>"; };
		29B97325FDCFA39411CA2CEA /* Foundation.framework */ = {isa = PBXFileReference; lastKnownFileType = wrapper.framework; name = Foundation.framework; path = /System/Library/Frameworks/Foundation.framework; sourceTree = "<absolute>"; };
		32CA4F630368D1EE00C91783 /* MAS_Prefix.pch */ = {isa = PBXFileReference; fileEncoding = 4; lastKnownFileType = sourcecode.c.h; path = MAS_Prefix.pch; sourceTree = "<group>"; };
		3D0369640B2C7AF30044B38C /* post-commit */ = {isa = PBXFileReference; fileEncoding = 30; lastKnownFileType = text; path = "post-commit"; sourceTree = "<group>"; };
		3D0369730B2C7C1F0044B38C /* index.html */ = {isa = PBXFileReference; fileEncoding = 4; lastKnownFileType = text.html; path = index.html; sourceTree = "<group>"; };
		3D1D1B7B0AE244CF0086BA92 /* NSFileManager+ExistingFilesAtPaths.h */ = {isa = PBXFileReference; fileEncoding = 30; lastKnownFileType = sourcecode.c.h; path = "NSFileManager+ExistingFilesAtPaths.h"; sourceTree = "<group>"; };
		3D1D1B7C0AE244CF0086BA92 /* NSFileManager+ExistingFilesAtPaths.m */ = {isa = PBXFileReference; fileEncoding = 30; lastKnownFileType = sourcecode.c.objc; path = "NSFileManager+ExistingFilesAtPaths.m"; sourceTree = "<group>"; };
		3D1D1B7D0AE244CF0086BA92 /* NSString+ArrayWithRanges.h */ = {isa = PBXFileReference; fileEncoding = 30; lastKnownFileType = sourcecode.c.h; path = "NSString+ArrayWithRanges.h"; sourceTree = "<group>"; };
		3D1D1B7E0AE244CF0086BA92 /* NSString+ArrayWithRanges.m */ = {isa = PBXFileReference; fileEncoding = 30; lastKnownFileType = sourcecode.c.objc; path = "NSString+ArrayWithRanges.m"; sourceTree = "<group>"; };
		3D1D1B7F0AE244CF0086BA92 /* UKFilePathView.h */ = {isa = PBXFileReference; fileEncoding = 30; lastKnownFileType = sourcecode.c.h; path = UKFilePathView.h; sourceTree = "<group>"; };
		3D1D1B800AE244CF0086BA92 /* UKFilePathView.m */ = {isa = PBXFileReference; fileEncoding = 30; lastKnownFileType = sourcecode.c.objc; path = UKFilePathView.m; sourceTree = "<group>"; };
		3D1D1B810AE244CF0086BA92 /* UKGraphics.h */ = {isa = PBXFileReference; fileEncoding = 30; lastKnownFileType = sourcecode.c.h; path = UKGraphics.h; sourceTree = "<group>"; };
		3D1D1B820AE244CF0086BA92 /* UKGraphics.m */ = {isa = PBXFileReference; fileEncoding = 30; lastKnownFileType = sourcecode.c.objc; path = UKGraphics.m; sourceTree = "<group>"; };
		3D1D1BC30AE2465E0086BA92 /* Carbon.framework */ = {isa = PBXFileReference; lastKnownFileType = wrapper.framework; name = Carbon.framework; path = /System/Library/Frameworks/Carbon.framework; sourceTree = "<absolute>"; };
		3D276EF20A6A5C0A0094AD8E /* Credits.html */ = {isa = PBXFileReference; fileEncoding = 4; lastKnownFileType = text.html; path = Credits.html; sourceTree = "<group>"; };
		3D3032490A6A860800E401DA /* group.icns */ = {isa = PBXFileReference; lastKnownFileType = image.icns; path = group.icns; sourceTree = "<group>"; };
		3D30324B0A6A860D00E401DA /* user.icns */ = {isa = PBXFileReference; lastKnownFileType = image.icns; path = user.icns; sourceTree = "<group>"; };
		3D5E0ED60A699F3F00E18439 /* MASAppDelegate.h */ = {isa = PBXFileReference; fileEncoding = 30; lastKnownFileType = sourcecode.c.h; path = MASAppDelegate.h; sourceTree = "<group>"; };
		3D5E0ED70A699F3F00E18439 /* MASAppDelegate.m */ = {isa = PBXFileReference; fileEncoding = 30; lastKnownFileType = sourcecode.c.objc; path = MASAppDelegate.m; sourceTree = "<group>"; };
		3D5E0F440A69A7C100E18439 /* KleinRogge.icns */ = {isa = PBXFileReference; lastKnownFileType = image.icns; path = KleinRogge.icns; sourceTree = "<group>"; };
		3D7A0F3C0A6C1073002CC05D /* NSFileManager+CreateDirectoriesForPath.h */ = {isa = PBXFileReference; fileEncoding = 30; lastKnownFileType = sourcecode.c.h; path = "NSFileManager+CreateDirectoriesForPath.h"; sourceTree = "<group>"; };
		3D7A0F3D0A6C1073002CC05D /* NSFileManager+CreateDirectoriesForPath.m */ = {isa = PBXFileReference; fileEncoding = 30; lastKnownFileType = sourcecode.c.objc; path = "NSFileManager+CreateDirectoriesForPath.m"; sourceTree = "<group>"; };
		3DA05E440B8CEA7300033EE2 /* UKSVNBrowser.h */ = {isa = PBXFileReference; fileEncoding = 30; lastKnownFileType = sourcecode.c.h; path = UKSVNBrowser.h; sourceTree = "<group>"; };
		3DA05E450B8CEA7300033EE2 /* UKSVNBrowser.m */ = {isa = PBXFileReference; fileEncoding = 30; lastKnownFileType = sourcecode.c.objc; path = UKSVNBrowser.m; sourceTree = "<group>"; };
		3DA05E460B8CEA7300033EE2 /* UKSVNPermissions.h */ = {isa = PBXFileReference; fileEncoding = 30; lastKnownFileType = sourcecode.c.h; path = UKSVNPermissions.h; sourceTree = "<group>"; };
		3DA05E470B8CEA7300033EE2 /* UKSVNPermissions.m */ = {isa = PBXFileReference; fileEncoding = 30; lastKnownFileType = sourcecode.c.objc; path = UKSVNPermissions.m; sourceTree = "<group>"; };
		3DA05E4B0B8CEA9200033EE2 /* SCAuthorizationUI.h */ = {isa = PBXFileReference; fileEncoding = 30; lastKnownFileType = sourcecode.c.h; path = SCAuthorizationUI.h; sourceTree = "<group>"; };
		3DA05E4C0B8CEA9200033EE2 /* SCAuthorizationUI.m */ = {isa = PBXFileReference; fileEncoding = 30; lastKnownFileType = sourcecode.c.objc; path = SCAuthorizationUI.m; sourceTree = "<group>"; };
		3DA05E4D0B8CEA9200033EE2 /* SCAuthToken.h */ = {isa = PBXFileReference; fileEncoding = 30; lastKnownFileType = sourcecode.c.h; path = SCAuthToken.h; sourceTree = "<group>"; };
		3DA05E4E0B8CEA9200033EE2 /* SCAuthToken.m */ = {isa = PBXFileReference; fileEncoding = 30; lastKnownFileType = sourcecode.c.objc; path = SCAuthToken.m; sourceTree = "<group>"; };
		3DA05E5A0B8CEB5200033EE2 /* English */ = {isa = PBXFileReference; lastKnownFileType = wrapper.nib; name = English; path = English.lproj/SCAuthorizationUI.nib; sourceTree = "<group>"; };
		3DBCDAF30A6EBD8300F954C1 /* TODO.txt */ = {isa = PBXFileReference; fileEncoding = 4; lastKnownFileType = text; path = TODO.txt; sourceTree = "<group>"; };
		3DD754AE0AE766050095FC5F /* UKFileWatcher.h */ = {isa = PBXFileReference; fileEncoding = 30; lastKnownFileType = sourcecode.c.h; path = UKFileWatcher.h; sourceTree = "<group>"; };
		3DD754AF0AE766050095FC5F /* UKFileWatcher.m */ = {isa = PBXFileReference; fileEncoding = 30; lastKnownFileType = sourcecode.c.objc; path = UKFileWatcher.m; sourceTree = "<group>"; };
		3DD754B00AE766050095FC5F /* UKKQueue.h */ = {isa = PBXFileReference; fileEncoding = 30; lastKnownFileType = sourcecode.c.h; path = UKKQueue.h; sourceTree = "<group>"; };
		3DD754B10AE766050095FC5F /* UKKQueue.m */ = {isa = PBXFileReference; fileEncoding = 30; lastKnownFileType = sourcecode.c.objc; path = UKKQueue.m; sourceTree = "<group>"; };
		3DD754C40AE766280095FC5F /* UKMainThreadProxy.h */ = {isa = PBXFileReference; fileEncoding = 30; lastKnownFileType = sourcecode.c.h; path = UKMainThreadProxy.h; sourceTree = "<group>"; };
		3DD754C50AE766280095FC5F /* UKMainThreadProxy.m */ = {isa = PBXFileReference; fileEncoding = 30; lastKnownFileType = sourcecode.c.objc; path = UKMainThreadProxy.m; sourceTree = "<group>"; };
		3DE2F2330BA0B9E200A71444 /* NSTextView+SetUnstyledStringValue.h */ = {isa = PBXFileReference; fileEncoding = 4; lastKnownFileType = sourcecode.c.h; name = "NSTextView+SetUnstyledStringValue.h"; path = "../UliKit/NSTextView+SetUnstyledStringValue.h"; sourceTree = SOURCE_ROOT; };
		3DE2F2340BA0B9E200A71444 /* NSTextView+SetUnstyledStringValue.m */ = {isa = PBXFileReference; fileEncoding = 4; lastKnownFileType = sourcecode.c.objc; name = "NSTextView+SetUnstyledStringValue.m"; path = "../UliKit/NSTextView+SetUnstyledStringValue.m"; sourceTree = SOURCE_ROOT; };
		3DFB30B90B218851004903D5 /* UKNibOwner.h */ = {isa = PBXFileReference; fileEncoding = 30; lastKnownFileType = sourcecode.c.h; path = UKNibOwner.h; sourceTree = "<group>"; };
		3DFB30C10B218866004903D5 /* UKNibOwner.m */ = {isa = PBXFileReference; fileEncoding = 30; lastKnownFileType = sourcecode.c.objc; path = UKNibOwner.m; sourceTree = "<group>"; };
		3DFB30D50B21894D004903D5 /* English */ = {isa = PBXFileReference; lastKnownFileType = wrapper.nib; name = English; path = English.lproj/UKSVNBrowser.nib; sourceTree = "<group>"; };
		8D1107310486CEB800E47090 /* Info.plist */ = {isa = PBXFileReference; fileEncoding = 4; lastKnownFileType = text.plist; path = Info.plist; sourceTree = "<group>"; };
		8D1107320486CEB800E47090 /* MAS.app */ = {isa = PBXFileReference; explicitFileType = wrapper.application; includeInIndex = 0; path = MAS.app; sourceTree = BUILT_PRODUCTS_DIR; };
/* End PBXFileReference section */

/* Begin PBXFrameworksBuildPhase section */
		8D11072E0486CEB800E47090 /* Frameworks */ = {
			isa = PBXFrameworksBuildPhase;
			buildActionMask = 2147483647;
			files = (
				8D11072F0486CEB800E47090 /* Cocoa.framework in Frameworks */,
				0425660D0A86996700750E28 /* SystemConfiguration.framework in Frameworks */,
				3D1D1BC40AE2465E0086BA92 /* Carbon.framework in Frameworks */,
			);
			runOnlyForDeploymentPostprocessing = 0;
		};
/* End PBXFrameworksBuildPhase section */

/* Begin PBXGroup section */
		080E96DDFE201D6D7F000001 /* Classes */ = {
			isa = PBXGroup;
			children = (
				3DE2F2330BA0B9E200A71444 /* NSTextView+SetUnstyledStringValue.h */,
				3DE2F2340BA0B9E200A71444 /* NSTextView+SetUnstyledStringValue.m */,
				3D5E0ED60A699F3F00E18439 /* MASAppDelegate.h */,
				3D5E0ED70A699F3F00E18439 /* MASAppDelegate.m */,
				3DA05E440B8CEA7300033EE2 /* UKSVNBrowser.h */,
				3DA05E450B8CEA7300033EE2 /* UKSVNBrowser.m */,
				3DA05E460B8CEA7300033EE2 /* UKSVNPermissions.h */,
				3DA05E470B8CEA7300033EE2 /* UKSVNPermissions.m */,
				3D1D1B8B0AE244CF0086BA92 /* SCPlugin */,
				3D1D1B7A0AE244CF0086BA92 /* UliKit */,
			);
			name = Classes;
			sourceTree = "<group>";
		};
		1058C7A0FEA54F0111CA2CBB /* Linked Frameworks */ = {
			isa = PBXGroup;
			children = (
				1058C7A1FEA54F0111CA2CBB /* Cocoa.framework */,
				0425660C0A86996700750E28 /* SystemConfiguration.framework */,
				3D1D1BC30AE2465E0086BA92 /* Carbon.framework */,
			);
			name = "Linked Frameworks";
			sourceTree = "<group>";
		};
		1058C7A2FEA54F0111CA2CBB /* Other Frameworks */ = {
			isa = PBXGroup;
			children = (
				29B97324FDCFA39411CA2CEA /* AppKit.framework */,
				13E42FB307B3F0F600E4EEF1 /* CoreData.framework */,
				29B97325FDCFA39411CA2CEA /* Foundation.framework */,
			);
			name = "Other Frameworks";
			sourceTree = "<group>";
		};
		19C28FACFE9D520D11CA2CBB /* Products */ = {
			isa = PBXGroup;
			children = (
				8D1107320486CEB800E47090 /* MAS.app */,
			);
			name = Products;
			sourceTree = "<group>";
		};
		29B97314FDCFA39411CA2CEA /* MAS */ = {
			isa = PBXGroup;
			children = (
				3DBCDAF30A6EBD8300F954C1 /* TODO.txt */,
				080E96DDFE201D6D7F000001 /* Classes */,
				29B97315FDCFA39411CA2CEA /* Other Sources */,
				29B97317FDCFA39411CA2CEA /* Resources */,
				29B97323FDCFA39411CA2CEA /* Frameworks */,
				19C28FACFE9D520D11CA2CBB /* Products */,
			);
			name = MAS;
			sourceTree = "<group>";
		};
		29B97315FDCFA39411CA2CEA /* Other Sources */ = {
			isa = PBXGroup;
			children = (
				32CA4F630368D1EE00C91783 /* MAS_Prefix.pch */,
				29B97316FDCFA39411CA2CEA /* main.m */,
			);
			name = "Other Sources";
			sourceTree = "<group>";
		};
		29B97317FDCFA39411CA2CEA /* Resources */ = {
			isa = PBXGroup;
			children = (
				8D1107310486CEB800E47090 /* Info.plist */,
				089C165CFE840E0CC02AAC07 /* InfoPlist.strings */,
				29B97318FDCFA39411CA2CEA /* MainMenu.nib */,
				3DFB30D40B21894D004903D5 /* UKSVNBrowser.nib */,
				3DA05E590B8CEB5200033EE2 /* SCAuthorizationUI.nib */,
				3D276EF20A6A5C0A0094AD8E /* Credits.html */,
				3D5E0F440A69A7C100E18439 /* KleinRogge.icns */,
				3D3032490A6A860800E401DA /* group.icns */,
				3D30324B0A6A860D00E401DA /* user.icns */,
				042565EF0A86974E00750E28 /* svn-access-file */,
				3D0369640B2C7AF30044B38C /* post-commit */,
				3D0369730B2C7C1F0044B38C /* index.html */,
			);
			name = Resources;
			sourceTree = "<group>";
		};
		29B97323FDCFA39411CA2CEA /* Frameworks */ = {
			isa = PBXGroup;
			children = (
				1058C7A0FEA54F0111CA2CBB /* Linked Frameworks */,
				1058C7A2FEA54F0111CA2CBB /* Other Frameworks */,
			);
			name = Frameworks;
			sourceTree = "<group>";
		};
		3D1D1B7A0AE244CF0086BA92 /* UliKit */ = {
			isa = PBXGroup;
			children = (
				3DD754AE0AE766050095FC5F /* UKFileWatcher.h */,
				3DD754AF0AE766050095FC5F /* UKFileWatcher.m */,
				3DD754B00AE766050095FC5F /* UKKQueue.h */,
				3DD754B10AE766050095FC5F /* UKKQueue.m */,
				3DD754C40AE766280095FC5F /* UKMainThreadProxy.h */,
				3DD754C50AE766280095FC5F /* UKMainThreadProxy.m */,
				3D7A0F3C0A6C1073002CC05D /* NSFileManager+CreateDirectoriesForPath.h */,
				3D7A0F3D0A6C1073002CC05D /* NSFileManager+CreateDirectoriesForPath.m */,
				3D1D1B7B0AE244CF0086BA92 /* NSFileManager+ExistingFilesAtPaths.h */,
				3D1D1B7C0AE244CF0086BA92 /* NSFileManager+ExistingFilesAtPaths.m */,
				3D1D1B7D0AE244CF0086BA92 /* NSString+ArrayWithRanges.h */,
				3D1D1B7E0AE244CF0086BA92 /* NSString+ArrayWithRanges.m */,
				3D1D1B7F0AE244CF0086BA92 /* UKFilePathView.h */,
				3D1D1B800AE244CF0086BA92 /* UKFilePathView.m */,
				3D1D1B810AE244CF0086BA92 /* UKGraphics.h */,
				3D1D1B820AE244CF0086BA92 /* UKGraphics.m */,
				3DFB30B90B218851004903D5 /* UKNibOwner.h */,
				3DFB30C10B218866004903D5 /* UKNibOwner.m */,
			);
			name = UliKit;
			path = ../UliKit;
			sourceTree = SOURCE_ROOT;
		};
		3D1D1B8B0AE244CF0086BA92 /* SCPlugin */ = {
			isa = PBXGroup;
			children = (
				3DA05E4B0B8CEA9200033EE2 /* SCAuthorizationUI.h */,
				3DA05E4C0B8CEA9200033EE2 /* SCAuthorizationUI.m */,
				3DA05E4D0B8CEA9200033EE2 /* SCAuthToken.h */,
				3DA05E4E0B8CEA9200033EE2 /* SCAuthToken.m */,
			);
			name = SCPlugin;
			sourceTree = "<group>";
		};
/* End PBXGroup section */

/* Begin PBXNativeTarget section */
		8D1107260486CEB800E47090 /* MAS */ = {
			isa = PBXNativeTarget;
			buildConfigurationList = C01FCF4A08A954540054247B /* Build configuration list for PBXNativeTarget "MAS" */;
			buildPhases = (
				8D1107290486CEB800E47090 /* Resources */,
				8D11072C0486CEB800E47090 /* Sources */,
				8D11072E0486CEB800E47090 /* Frameworks */,
			);
			buildRules = (
			);
			dependencies = (
			);
			name = MAS;
			productInstallPath = "$(HOME)/Applications";
			productName = MAS;
			productReference = 8D1107320486CEB800E47090 /* MAS.app */;
			productType = "com.apple.product-type.application";
		};
/* End PBXNativeTarget section */

/* Begin PBXProject section */
		29B97313FDCFA39411CA2CEA /* Project object */ = {
			isa = PBXProject;
			buildConfigurationList = C01FCF4E08A954540054247B /* Build configuration list for PBXProject "MAS" */;
			hasScannedForEncodings = 1;
			mainGroup = 29B97314FDCFA39411CA2CEA /* MAS */;
			projectDirPath = "";
			targets = (
				8D1107260486CEB800E47090 /* MAS */,
			);
		};
/* End PBXProject section */

/* Begin PBXResourcesBuildPhase section */
		8D1107290486CEB800E47090 /* Resources */ = {
			isa = PBXResourcesBuildPhase;
			buildActionMask = 2147483647;
			files = (
				8D11072A0486CEB800E47090 /* MainMenu.nib in Resources */,
				8D11072B0486CEB800E47090 /* InfoPlist.strings in Resources */,
				3D5E0F450A69A7C100E18439 /* KleinRogge.icns in Resources */,
				3D276EF30A6A5C0A0094AD8E /* Credits.html in Resources */,
				3D30324A0A6A860800E401DA /* group.icns in Resources */,
				3D30324C0A6A860D00E401DA /* user.icns in Resources */,
				042565F00A86974E00750E28 /* svn-access-file in Resources */,
				3DFB30D60B21894D004903D5 /* UKSVNBrowser.nib in Resources */,
				3D0369650B2C7AF30044B38C /* post-commit in Resources */,
				3D0369740B2C7C1F0044B38C /* index.html in Resources */,
				3DA05E5B0B8CEB5200033EE2 /* SCAuthorizationUI.nib in Resources */,
			);
			runOnlyForDeploymentPostprocessing = 0;
		};
/* End PBXResourcesBuildPhase section */

/* Begin PBXSourcesBuildPhase section */
		8D11072C0486CEB800E47090 /* Sources */ = {
			isa = PBXSourcesBuildPhase;
			buildActionMask = 2147483647;
			files = (
				8D11072D0486CEB800E47090 /* main.m in Sources */,
				3D5E0ED80A699F3F00E18439 /* MASAppDelegate.m in Sources */,
				3D7A0F3E0A6C1073002CC05D /* NSFileManager+CreateDirectoriesForPath.m in Sources */,
				3D1D1B940AE244CF0086BA92 /* NSFileManager+ExistingFilesAtPaths.m in Sources */,
				3D1D1B950AE244CF0086BA92 /* NSString+ArrayWithRanges.m in Sources */,
				3D1D1B960AE244CF0086BA92 /* UKFilePathView.m in Sources */,
				3D1D1B970AE244CF0086BA92 /* UKGraphics.m in Sources */,
				3DD754B40AE766050095FC5F /* UKFileWatcher.m in Sources */,
				3DD754B50AE766050095FC5F /* UKKQueue.m in Sources */,
				3DD754C60AE766280095FC5F /* UKMainThreadProxy.m in Sources */,
				3DFB30C20B218866004903D5 /* UKNibOwner.m in Sources */,
				3DA05E480B8CEA7300033EE2 /* UKSVNBrowser.m in Sources */,
				3DA05E490B8CEA7300033EE2 /* UKSVNPermissions.m in Sources */,
				3DA05E4F0B8CEA9200033EE2 /* SCAuthorizationUI.m in Sources */,
				3DA05E500B8CEA9200033EE2 /* SCAuthToken.m in Sources */,
				3DE2F2350BA0B9E200A71444 /* NSTextView+SetUnstyledStringValue.m in Sources */,
			);
			runOnlyForDeploymentPostprocessing = 0;
		};
/* End PBXSourcesBuildPhase section */

/* Begin PBXVariantGroup section */
		089C165CFE840E0CC02AAC07 /* InfoPlist.strings */ = {
			isa = PBXVariantGroup;
			children = (
				089C165DFE840E0CC02AAC07 /* English */,
			);
			name = InfoPlist.strings;
			sourceTree = "<group>";
		};
		29B97318FDCFA39411CA2CEA /* MainMenu.nib */ = {
			isa = PBXVariantGroup;
			children = (
				29B97319FDCFA39411CA2CEA /* English */,
			);
			name = MainMenu.nib;
			sourceTree = "<group>";
		};
		3DA05E590B8CEB5200033EE2 /* SCAuthorizationUI.nib */ = {
			isa = PBXVariantGroup;
			children = (
				3DA05E5A0B8CEB5200033EE2 /* English */,
			);
			name = SCAuthorizationUI.nib;
			sourceTree = "<group>";
		};
		3DFB30D40B21894D004903D5 /* UKSVNBrowser.nib */ = {
			isa = PBXVariantGroup;
			children = (
				3DFB30D50B21894D004903D5 /* English */,
			);
			name = UKSVNBrowser.nib;
			sourceTree = "<group>";
		};
/* End PBXVariantGroup section */

/* Begin XCBuildConfiguration section */
		C01FCF4B08A954540054247B /* Debug */ = {
			isa = XCBuildConfiguration;
			buildSettings = {
				COPY_PHASE_STRIP = NO;
				GCC_DYNAMIC_NO_PIC = NO;
				GCC_ENABLE_FIX_AND_CONTINUE = YES;
				GCC_MODEL_TUNING = G5;
				GCC_OPTIMIZATION_LEVEL = 0;
				INFOPLIST_FILE = Info.plist;
				INSTALL_PATH = "$(HOME)/Applications";
				PRODUCT_NAME = MAS;
				WRAPPER_EXTENSION = app;
				ZERO_LINK = YES;
			};
			name = Debug;
		};
		C01FCF4C08A954540054247B /* Release */ = {
			isa = XCBuildConfiguration;
			buildSettings = {
				ARCHS = (
					ppc,
					i386,
				);
				GCC_ENABLE_OBJC_EXCEPTIONS = YES;
				GCC_GENERATE_DEBUGGING_SYMBOLS = NO;
				GCC_MODEL_TUNING = G5;
				INFOPLIST_FILE = Info.plist;
				INSTALL_PATH = "$(HOME)/Applications";
				PRODUCT_NAME = MAS;
				WRAPPER_EXTENSION = app;
			};
			name = Release;
		};
		C01FCF4F08A954540054247B /* Debug */ = {
			isa = XCBuildConfiguration;
			buildSettings = {
				GCC_WARN_ABOUT_RETURN_TYPE = YES;
				GCC_WARN_UNUSED_VARIABLE = YES;
				PREBINDING = NO;
				SDKROOT = /Developer/SDKs/MacOSX10.4u.sdk;
			};
			name = Debug;
		};
		C01FCF5008A954540054247B /* Release */ = {
			isa = XCBuildConfiguration;
			buildSettings = {
				GCC_WARN_ABOUT_RETURN_TYPE = YES;
				GCC_WARN_UNUSED_VARIABLE = YES;
				PREBINDING = NO;
				SDKROOT = /Developer/SDKs/MacOSX10.4u.sdk;
			};
			name = Release;
		};
/* End XCBuildConfiguration section */

/* Begin XCConfigurationList section */
		C01FCF4A08A954540054247B /* Build configuration list for PBXNativeTarget "MAS" */ = {
			isa = XCConfigurationList;
			buildConfigurations = (
				C01FCF4B08A954540054247B /* Debug */,
				C01FCF4C08A954540054247B /* Release */,
			);
			defaultConfigurationIsVisible = 0;
			defaultConfigurationName = Release;
		};
		C01FCF4E08A954540054247B /* Build configuration list for PBXProject "MAS" */ = {
			isa = XCConfigurationList;
			buildConfigurations = (
				C01FCF4F08A954540054247B /* Debug */,
				C01FCF5008A954540054247B /* Release */,
			);
			defaultConfigurationIsVisible = 0;
			defaultConfigurationName = Release;
		};
/* End XCConfigurationList section */
	};
	rootObject = 29B97313FDCFA39411CA2CEA /* Project object */;
}
